// !$*UTF8*$!
{
	archiveVersion = 1;
	classes = {
	};
	objectVersion = 46;
	objects = {

/* Begin PBXBuildFile section */
		2C29F5031B4BE8960065217A /* MaxV8.cpp in Sources */ = {isa = PBXBuildFile; fileRef = 2C29F5011B4BE8960065217A /* MaxV8.cpp */; };
		2C29F5041B4BE8960065217A /* MaxV8.h in Headers */ = {isa = PBXBuildFile; fileRef = 2C29F5021B4BE8960065217A /* MaxV8.h */; };
		2C29F5401B505B130065217A /* Maxv8.xcconfig in Resources */ = {isa = PBXBuildFile; fileRef = 2C29F53F1B505B130065217A /* Maxv8.xcconfig */; };
		2C29F5441B505D2C0065217A /* MaxAPI.framework in Frameworks */ = {isa = PBXBuildFile; fileRef = 2C29F5431B505D2C0065217A /* MaxAPI.framework */; };
		2C2BAB6719DE06DA00093332 /* c.v8.cpp in Sources */ = {isa = PBXBuildFile; fileRef = 2C2BAB6619DE06DA00093332 /* c.v8.cpp */; };
		2C880B261B5408DB0094B85F /* libicudata.a in Frameworks */ = {isa = PBXBuildFile; fileRef = 2C880B1E1B5408DB0094B85F /* libicudata.a */; };
		2C880B271B5408DB0094B85F /* libicui18n.a in Frameworks */ = {isa = PBXBuildFile; fileRef = 2C880B1F1B5408DB0094B85F /* libicui18n.a */; };
		2C880B281B5408DB0094B85F /* libicuuc.a in Frameworks */ = {isa = PBXBuildFile; fileRef = 2C880B201B5408DB0094B85F /* libicuuc.a */; };
		2C880B291B5408DB0094B85F /* libv8_base.a in Frameworks */ = {isa = PBXBuildFile; fileRef = 2C880B211B5408DB0094B85F /* libv8_base.a */; };
		2C880B2A1B5408DB0094B85F /* libv8_libbase.a in Frameworks */ = {isa = PBXBuildFile; fileRef = 2C880B221B5408DB0094B85F /* libv8_libbase.a */; };
		2C880B2B1B5408DB0094B85F /* libv8_libplatform.a in Frameworks */ = {isa = PBXBuildFile; fileRef = 2C880B231B5408DB0094B85F /* libv8_libplatform.a */; };
		2C880B2C1B5408DB0094B85F /* libv8_nosnapshot.a in Frameworks */ = {isa = PBXBuildFile; fileRef = 2C880B241B5408DB0094B85F /* libv8_nosnapshot.a */; };
		2C880B2D1B5408DB0094B85F /* libv8_snapshot.a in Frameworks */ = {isa = PBXBuildFile; fileRef = 2C880B251B5408DB0094B85F /* libv8_snapshot.a */; };
/* End PBXBuildFile section */

/* Begin PBXCopyFilesBuildPhase section */
		41E47A4B166F9426006D3CB8 /* CopyFiles */ = {
			isa = PBXCopyFilesBuildPhase;
			buildActionMask = 12;
			dstPath = Contents/MacOS;
			dstSubfolderSpec = 1;
			files = (
			);
			runOnlyForDeploymentPostprocessing = 0;
		};
/* End PBXCopyFilesBuildPhase section */

/* Begin PBXFileReference section */
		2C29F5011B4BE8960065217A /* MaxV8.cpp */ = {isa = PBXFileReference; fileEncoding = 4; lastKnownFileType = sourcecode.cpp.cpp; path = MaxV8.cpp; sourceTree = "<group>"; };
		2C29F5021B4BE8960065217A /* MaxV8.h */ = {isa = PBXFileReference; fileEncoding = 4; lastKnownFileType = sourcecode.c.h; path = MaxV8.h; sourceTree = "<group>"; };
		2C29F53F1B505B130065217A /* Maxv8.xcconfig */ = {isa = PBXFileReference; fileEncoding = 4; lastKnownFileType = text.xcconfig; path = Maxv8.xcconfig; sourceTree = "<group>"; };
		2C29F5431B505D2C0065217A /* MaxAPI.framework */ = {isa = PBXFileReference; lastKnownFileType = wrapper.framework; name = MaxAPI.framework; path = "../ThirdParty/Max7-sdk/source/c74support/max-includes/MaxAPI.framework"; sourceTree = "<group>"; };
		2C2BAB6619DE06DA00093332 /* c.v8.cpp */ = {isa = PBXFileReference; fileEncoding = 4; lastKnownFileType = sourcecode.cpp.cpp; path = c.v8.cpp; sourceTree = "<group>"; };
		2C880B1E1B5408DB0094B85F /* libicudata.a */ = {isa = PBXFileReference; lastKnownFileType = archive.ar; name = libicudata.a; path = ../../../Libs/v8/xcodebuild/Release/libicudata.a; sourceTree = "<group>"; };
		2C880B1F1B5408DB0094B85F /* libicui18n.a */ = {isa = PBXFileReference; lastKnownFileType = archive.ar; name = libicui18n.a; path = ../../../Libs/v8/xcodebuild/Release/libicui18n.a; sourceTree = "<group>"; };
		2C880B201B5408DB0094B85F /* libicuuc.a */ = {isa = PBXFileReference; lastKnownFileType = archive.ar; name = libicuuc.a; path = ../../../Libs/v8/xcodebuild/Release/libicuuc.a; sourceTree = "<group>"; };
		2C880B211B5408DB0094B85F /* libv8_base.a */ = {isa = PBXFileReference; lastKnownFileType = archive.ar; name = libv8_base.a; path = ../../../Libs/v8/xcodebuild/Release/libv8_base.a; sourceTree = "<group>"; };
		2C880B221B5408DB0094B85F /* libv8_libbase.a */ = {isa = PBXFileReference; lastKnownFileType = archive.ar; name = libv8_libbase.a; path = ../../../Libs/v8/xcodebuild/Release/libv8_libbase.a; sourceTree = "<group>"; };
		2C880B231B5408DB0094B85F /* libv8_libplatform.a */ = {isa = PBXFileReference; lastKnownFileType = archive.ar; name = libv8_libplatform.a; path = ../../../Libs/v8/xcodebuild/Release/libv8_libplatform.a; sourceTree = "<group>"; };
		2C880B241B5408DB0094B85F /* libv8_nosnapshot.a */ = {isa = PBXFileReference; lastKnownFileType = archive.ar; name = libv8_nosnapshot.a; path = ../../../Libs/v8/xcodebuild/Release/libv8_nosnapshot.a; sourceTree = "<group>"; };
		2C880B251B5408DB0094B85F /* libv8_snapshot.a */ = {isa = PBXFileReference; lastKnownFileType = archive.ar; name = libv8_snapshot.a; path = ../../../Libs/v8/xcodebuild/Release/libv8_snapshot.a; sourceTree = "<group>"; };
		2FBBEAE508F335360078DB84 /* c.v8.mxo */ = {isa = PBXFileReference; explicitFileType = wrapper.cfbundle; includeInIndex = 0; path = c.v8.mxo; sourceTree = BUILT_PRODUCTS_DIR; };
/* End PBXFileReference section */

/* Begin PBXFrameworksBuildPhase section */
		2FBBEADC08F335360078DB84 /* Frameworks */ = {
			isa = PBXFrameworksBuildPhase;
			buildActionMask = 2147483647;
			files = (
				2C880B261B5408DB0094B85F /* libicudata.a in Frameworks */,
				2C880B271B5408DB0094B85F /* libicui18n.a in Frameworks */,
				2C880B281B5408DB0094B85F /* libicuuc.a in Frameworks */,
				2C880B291B5408DB0094B85F /* libv8_base.a in Frameworks */,
				2C880B2A1B5408DB0094B85F /* libv8_libbase.a in Frameworks */,
				2C880B2B1B5408DB0094B85F /* libv8_libplatform.a in Frameworks */,
				2C880B2C1B5408DB0094B85F /* libv8_nosnapshot.a in Frameworks */,
				2C880B2D1B5408DB0094B85F /* libv8_snapshot.a in Frameworks */,
				2C29F5441B505D2C0065217A /* MaxAPI.framework in Frameworks */,
			);
			runOnlyForDeploymentPostprocessing = 0;
		};
/* End PBXFrameworksBuildPhase section */

/* Begin PBXGroup section */
		089C166AFE841209C02AAC07 /* iterator */ = {
			isa = PBXGroup;
			children = (
				2C29F53F1B505B130065217A /* Maxv8.xcconfig */,
				08FB77ADFE841716C02AAC07 /* Source */,
				089C1671FE841209C02AAC07 /* External Frameworks and Libraries */,
				19C28FB4FE9D528D11CA2CBB /* Products */,
			);
			name = iterator;
			sourceTree = "<group>";
		};
		089C1671FE841209C02AAC07 /* External Frameworks and Libraries */ = {
			isa = PBXGroup;
			children = (
				2C29F5431B505D2C0065217A /* MaxAPI.framework */,
				2C880B1E1B5408DB0094B85F /* libicudata.a */,
				2C880B1F1B5408DB0094B85F /* libicui18n.a */,
				2C880B201B5408DB0094B85F /* libicuuc.a */,
				2C880B211B5408DB0094B85F /* libv8_base.a */,
				2C880B221B5408DB0094B85F /* libv8_libbase.a */,
				2C880B231B5408DB0094B85F /* libv8_libplatform.a */,
				2C880B241B5408DB0094B85F /* libv8_nosnapshot.a */,
				2C880B251B5408DB0094B85F /* libv8_snapshot.a */,
			);
			name = "External Frameworks and Libraries";
			sourceTree = "<group>";
		};
		08FB77ADFE841716C02AAC07 /* Source */ = {
			isa = PBXGroup;
			children = (
				2C2BAB6619DE06DA00093332 /* c.v8.cpp */,
				2C29F5011B4BE8960065217A /* MaxV8.cpp */,
				2C29F5021B4BE8960065217A /* MaxV8.h */,
			);
			name = Source;
			sourceTree = "<group>";
		};
		19C28FB4FE9D528D11CA2CBB /* Products */ = {
			isa = PBXGroup;
			children = (
				2FBBEAE508F335360078DB84 /* c.v8.mxo */,
			);
			name = Products;
			sourceTree = "<group>";
		};
/* End PBXGroup section */

/* Begin PBXHeadersBuildPhase section */
		2FBBEAD708F335360078DB84 /* Headers */ = {
			isa = PBXHeadersBuildPhase;
			buildActionMask = 2147483647;
			files = (
				2C29F5041B4BE8960065217A /* MaxV8.h in Headers */,
			);
			runOnlyForDeploymentPostprocessing = 0;
		};
/* End PBXHeadersBuildPhase section */

/* Begin PBXNativeTarget section */
		2FBBEAD608F335360078DB84 /* max-external */ = {
			isa = PBXNativeTarget;
			buildConfigurationList = 2FBBEAE008F335360078DB84 /* Build configuration list for PBXNativeTarget "max-external" */;
			buildPhases = (
				2FBBEAD708F335360078DB84 /* Headers */,
				2FBBEAD808F335360078DB84 /* Resources */,
				2FBBEADA08F335360078DB84 /* Sources */,
				2FBBEADC08F335360078DB84 /* Frameworks */,
				2FBBEADF08F335360078DB84 /* Rez */,
				41E47A4B166F9426006D3CB8 /* CopyFiles */,
			);
			buildRules = (
			);
			dependencies = (
			);
			name = "max-external";
			productName = iterator;
			productReference = 2FBBEAE508F335360078DB84 /* c.v8.mxo */;
			productType = "com.apple.product-type.bundle";
		};
/* End PBXNativeTarget section */

/* Begin PBXProject section */
		089C1669FE841209C02AAC07 /* Project object */ = {
			isa = PBXProject;
			attributes = {
				LastUpgradeCheck = 0630;
			};
			buildConfigurationList = 2FBBEACF08F335010078DB84 /* Build configuration list for PBXProject "c.v8" */;
			compatibilityVersion = "Xcode 3.2";
			developmentRegion = English;
			hasScannedForEncodings = 1;
			knownRegions = (
				en,
			);
			mainGroup = 089C166AFE841209C02AAC07 /* iterator */;
			projectDirPath = "";
			projectRoot = "";
			targets = (
				2FBBEAD608F335360078DB84 /* max-external */,
			);
		};
/* End PBXProject section */

/* Begin PBXResourcesBuildPhase section */
		2FBBEAD808F335360078DB84 /* Resources */ = {
			isa = PBXResourcesBuildPhase;
			buildActionMask = 2147483647;
			files = (
				2C29F5401B505B130065217A /* Maxv8.xcconfig in Resources */,
			);
			runOnlyForDeploymentPostprocessing = 0;
		};
/* End PBXResourcesBuildPhase section */

/* Begin PBXRezBuildPhase section */
		2FBBEADF08F335360078DB84 /* Rez */ = {
			isa = PBXRezBuildPhase;
			buildActionMask = 2147483647;
			files = (
			);
			runOnlyForDeploymentPostprocessing = 0;
		};
/* End PBXRezBuildPhase section */

/* Begin PBXSourcesBuildPhase section */
		2FBBEADA08F335360078DB84 /* Sources */ = {
			isa = PBXSourcesBuildPhase;
			buildActionMask = 2147483647;
			files = (
				2C2BAB6719DE06DA00093332 /* c.v8.cpp in Sources */,
				2C29F5031B4BE8960065217A /* MaxV8.cpp in Sources */,
			);
			runOnlyForDeploymentPostprocessing = 0;
		};
/* End PBXSourcesBuildPhase section */

/* Begin XCBuildConfiguration section */
		2FBBEAD008F335010078DB84 /* Development */ = {
			isa = XCBuildConfiguration;
			baseConfigurationReference = 2C29F53F1B505B130065217A /* Maxv8.xcconfig */;
			buildSettings = {
				ARCHS = "$(NATIVE_ARCH_ACTUAL)";
				CLANG_CXX_LANGUAGE_STANDARD = "gnu++0x";
				CLANG_CXX_LIBRARY = "libc++";
				HEADER_SEARCH_PATHS = (
					"$(inherited)",
					/Applications/Xcode.app/Contents/Developer/Toolchains/XcodeDefault.xctoolchain/usr/include,
					/Users/elioton/Dev/Libs/v8,
				);
				MACOSX_DEPLOYMENT_TARGET = 10.7;
				ONLY_ACTIVE_ARCH = YES;
				OTHER_LDFLAGS = "$(C74_SYM_LINKER_FLAGS)";
				SDKROOT = macosx;
			};
			name = Development;
		};
		2FBBEAD108F335010078DB84 /* Deployment */ = {
			isa = XCBuildConfiguration;
			baseConfigurationReference = 2C29F53F1B505B130065217A /* Maxv8.xcconfig */;
			buildSettings = {
				ARCHS = "$(NATIVE_ARCH_ACTUAL)";
				CLANG_CXX_LANGUAGE_STANDARD = "gnu++0x";
				CLANG_CXX_LIBRARY = "libc++";
				HEADER_SEARCH_PATHS = (
					"$(inherited)",
					/Applications/Xcode.app/Contents/Developer/Toolchains/XcodeDefault.xctoolchain/usr/include,
					/Users/elioton/Dev/Libs/v8,
				);
				MACOSX_DEPLOYMENT_TARGET = 10.7;
				ONLY_ACTIVE_ARCH = YES;
				OTHER_LDFLAGS = "$(C74_SYM_LINKER_FLAGS)";
				SDKROOT = macosx;
			};
			name = Deployment;
		};
		2FBBEAE108F335360078DB84 /* Development */ = {
			isa = XCBuildConfiguration;
			baseConfigurationReference = 2C29F53F1B505B130065217A /* Maxv8.xcconfig */;
			buildSettings = {
				ARCHS = "$(NATIVE_ARCH_ACTUAL)";
				CLANG_CXX_LANGUAGE_STANDARD = "gnu++0x";
				CLANG_CXX_LIBRARY = "libc++";
				CLANG_WARN_CXX0X_EXTENSIONS = YES;
				CLANG_WARN__EXIT_TIME_DESTRUCTORS = NO;
				COMBINE_HIDPI_IMAGES = YES;
				COPY_PHASE_STRIP = NO;
				FRAMEWORK_SEARCH_PATHS = (
					"$(inherited)",
					"/Users/elioton/Dev/Perso/v8Lab/ThirdParty/Max7-sdk/source/c74support/max-includes",
					/Users/elioton/Dev/Libs/v8/include,
				);
				GCC_OPTIMIZATION_LEVEL = 0;
				GCC_REUSE_STRINGS = YES;
				GCC_VERSION = "";
				GCC_WARN_ABOUT_INVALID_OFFSETOF_MACRO = YES;
				GCC_WARN_HIDDEN_VIRTUAL_FUNCTIONS = NO;
				HEADER_SEARCH_PATHS = (
					"\"$(C74SUPPORT)/max-includes\"",
					"\"$(C74SUPPORT)/msp-includes\"",
					"\"$(C74SUPPORT)/jit-includes\"",
					"\"$(THIRD_PARTY)/v8pp\"",
					/Users/elioton/Dev/Libs/v8/include,
					/Users/elioton/Dev/Libs/v8,
				);
				LIBRARY_SEARCH_PATHS = (
					"$(inherited)",
					"$(SRCROOT)",
					/Users/elioton/Dev/Libs/v8/xcodebuild/Release,
				);
				MACOSX_DEPLOYMENT_TARGET = 10.7;
			};
			name = Development;
		};
		2FBBEAE208F335360078DB84 /* Deployment */ = {
			isa = XCBuildConfiguration;
			baseConfigurationReference = 2C29F53F1B505B130065217A /* Maxv8.xcconfig */;
			buildSettings = {
				ARCHS = "$(NATIVE_ARCH_ACTUAL)";
				CLANG_CXX_LANGUAGE_STANDARD = "gnu++0x";
				CLANG_CXX_LIBRARY = "libc++";
				CLANG_WARN_CXX0X_EXTENSIONS = YES;
				CLANG_WARN__EXIT_TIME_DESTRUCTORS = NO;
				COMBINE_HIDPI_IMAGES = YES;
				COPY_PHASE_STRIP = YES;
				FRAMEWORK_SEARCH_PATHS = (
					"$(inherited)",
					"/Users/elioton/Dev/Perso/v8Lab/ThirdParty/Max7-sdk/source/c74support/max-includes",
					/Users/elioton/Dev/Libs/v8/include,
				);
				GCC_REUSE_STRINGS = YES;
				GCC_VERSION = "";
				GCC_WARN_ABOUT_INVALID_OFFSETOF_MACRO = YES;
				GCC_WARN_HIDDEN_VIRTUAL_FUNCTIONS = NO;
				HEADER_SEARCH_PATHS = (
					"\"$(C74SUPPORT)/max-includes\"",
					"\"$(C74SUPPORT)/msp-includes\"",
					"\"$(C74SUPPORT)/jit-includes\"",
					"\"$(THIRD_PARTY)/v8pp\"",
					/Users/elioton/Dev/Libs/v8/include,
					/Users/elioton/Dev/Libs/v8,
				);
				LIBRARY_SEARCH_PATHS = (
					"$(inherited)",
					"$(SRCROOT)",
					/Users/elioton/Dev/Libs/v8/xcodebuild/Release,
				);
				MACOSX_DEPLOYMENT_TARGET = 10.7;
			};
			name = Deployment;
		};
/* End XCBuildConfiguration section */

/* Begin XCConfigurationList section */
		2FBBEACF08F335010078DB84 /* Build configuration list for PBXProject "c.v8" */ = {
			isa = XCConfigurationList;
			buildConfigurations = (
				2FBBEAD008F335010078DB84 /* Development */,
				2FBBEAD108F335010078DB84 /* Deployment */,
			);
			defaultConfigurationIsVisible = 0;
			defaultConfigurationName = Deployment;
		};
		2FBBEAE008F335360078DB84 /* Build configuration list for PBXNativeTarget "max-external" */ = {
			isa = XCConfigurationList;
			buildConfigurations = (
				2FBBEAE108F335360078DB84 /* Development */,
				2FBBEAE208F335360078DB84 /* Deployment */,
			);
			defaultConfigurationIsVisible = 0;
			defaultConfigurationName = Deployment;
		};
/* End XCConfigurationList section */
	};
	rootObject = 089C1669FE841209C02AAC07 /* Project object */;
}
